
Microsoft Visual Studio Solution File, Format Version 12.00
# Visual Studio 15
VisualStudioVersion = 15.0.28307.1022
MinimumVisualStudioVersion = 10.0.40219.1
Project("{FAE04EC0-301F-11D3-BF4B-00C04F79EFBC}") = "LoongLog", "LoongLog\LoongLog.csproj", "{76618E89-2C3F-47B6-AADA-12B96624A6CA}"
EndProject
Global
	GlobalSection(SolutionConfigurationPlatforms) = preSolution
		Debug|Any CPU = Debug|Any CPU
		Release|Any CPU = Release|Any CPU
	EndGlobalSection
	GlobalSection(ProjectConfigurationPlatforms) = postSolution
		{76618E89-2C3F-47B6-AADA-12B96624A6CA}.Debug|Any CPU.ActiveCfg = Debug|Any CPU
		{76618E89-2C3F-47B6-AADA-12B96624A6CA}.Debug|Any CPU.Build.0 = Debug|Any CPU
		{76618E89-2C3F-47B6-AADA-12B96624A6CA}.Release|Any CPU.ActiveCfg = Release|Any CPU
		{76618E89-2C3F-47B6-AADA-12B96624A6CA}.Release|Any CPU.Build.0 = Release|Any CPU
	EndGlobalSection
	GlobalSection(SolutionProperties) = preSolution
		HideSolutionNode = FALSE
	EndGlobalSection
	GlobalSection(ExtensibilityGlobals) = postSolution
		SolutionGuid = {A0C6121C-60FB-4FEC-B241-5B1B02505116}
	EndGlobalSection
EndGlobal
